{
  "name": "rcon-ping",
  "version": "1.0.0",
  "lockfileVersion": 3,
  "requires": true,
  "packages": {
    "": {
      "name": "rcon-ping",
      "version": "1.0.0",
      "license": "MIT",
      "dependencies": {
        "minecraft-color": "^1.0.0"
      }
    },
    "node_modules/minecraft-color": {
      "version": "1.0.0",
      "resolved": "https://registry.npmjs.org/minecraft-color/-/minecraft-color-1.0.0.tgz",
      "integrity": "sha512-z04QEQfOVoFOFOT/bKCNIN75dfBsqqz2gjnS5uYgGtuv1H+UtU3cIDtHWboM31bcU71bQ5mhxgP1VjXWG3Cnjg==",
      "license": "MIT"
    }
  }
}
